// !$*UTF8*$!
{
	archiveVersion = 1;
	classes = {
	};
	objectVersion = 52;
	objects = {

/* Begin PBXBuildFile section */
		1D5DE325268AC0CE0063EC44 /* AnyCodable in Frameworks */ = {isa = PBXBuildFile; productRef = 1D5DE324268AC0CE0063EC44 /* AnyCodable */; };
		1D5DE328268ADB340063EC44 /* CoreDuet.framework in Frameworks */ = {isa = PBXBuildFile; fileRef = 1D5DE326268ADB340063EC44 /* CoreDuet.framework */; };
		1D5DE32A268ADB340063EC44 /* CoreDuetContext.framework in Frameworks */ = {isa = PBXBuildFile; fileRef = 1D5DE327268ADB340063EC44 /* CoreDuetContext.framework */; };
		1D5DE32F268ADBF00063EC44 /* CDContextKeyPath.swift in Sources */ = {isa = PBXBuildFile; fileRef = 1D5DE32E268ADBF00063EC44 /* CDContextKeyPath.swift */; };
		1D5DE331268ADC100063EC44 /* _CDContextualKeyPath+CDContextKeyPathBridge.swift in Sources */ = {isa = PBXBuildFile; fileRef = 1D5DE330268ADC100063EC44 /* _CDContextualKeyPath+CDContextKeyPathBridge.swift */; };
		1DEFB6C2268A547F00D056A6 /* main.swift in Sources */ = {isa = PBXBuildFile; fileRef = 1DEFB6C1268A547F00D056A6 /* main.swift */; };
/* End PBXBuildFile section */

/* Begin PBXCopyFilesBuildPhase section */
		1DEFB6BC268A547F00D056A6 /* CopyFiles */ = {
			isa = PBXCopyFilesBuildPhase;
			buildActionMask = 2147483647;
			dstPath = /usr/share/man/man1/;
			dstSubfolderSpec = 0;
			files = (
			);
			runOnlyForDeploymentPostprocessing = 1;
		};
/* End PBXCopyFilesBuildPhase section */

/* Begin PBXFileReference section */
		1D5DE326268ADB340063EC44 /* CoreDuet.framework */ = {isa = PBXFileReference; lastKnownFileType = wrapper.framework; name = CoreDuet.framework; path = Frameworks/CoreDuet.framework; sourceTree = "<group>"; };
		1D5DE327268ADB340063EC44 /* CoreDuetContext.framework */ = {isa = PBXFileReference; lastKnownFileType = wrapper.framework; name = CoreDuetContext.framework; path = Frameworks/CoreDuetContext.framework; sourceTree = "<group>"; };
		1D5DE32D268ADB580063EC44 /* README.md */ = {isa = PBXFileReference; lastKnownFileType = net.daringfireball.markdown; path = README.md; sourceTree = "<group>"; };
		1D5DE32E268ADBF00063EC44 /* CDContextKeyPath.swift */ = {isa = PBXFileReference; lastKnownFileType = sourcecode.swift; path = CDContextKeyPath.swift; sourceTree = "<group>"; };
		1D5DE330268ADC100063EC44 /* _CDContextualKeyPath+CDContextKeyPathBridge.swift */ = {isa = PBXFileReference; lastKnownFileType = sourcecode.swift; path = "_CDContextualKeyPath+CDContextKeyPathBridge.swift"; sourceTree = "<group>"; };
		1DEFB6BE268A547F00D056A6 /* CoreDuetTinker */ = {isa = PBXFileReference; explicitFileType = "compiled.mach-o.executable"; includeInIndex = 0; path = CoreDuetTinker; sourceTree = BUILT_PRODUCTS_DIR; };
		1DEFB6C1268A547F00D056A6 /* main.swift */ = {isa = PBXFileReference; lastKnownFileType = sourcecode.swift; path = main.swift; sourceTree = "<group>"; };
		1DEFB6D6268AB18D00D056A6 /* CoreDuet.entitlements */ = {isa = PBXFileReference; lastKnownFileType = text.plist.entitlements; path = CoreDuet.entitlements; sourceTree = "<group>"; };
/* End PBXFileReference section */

/* Begin PBXFrameworksBuildPhase section */
		1DEFB6BB268A547F00D056A6 /* Frameworks */ = {
			isa = PBXFrameworksBuildPhase;
			buildActionMask = 2147483647;
			files = (
				1D5DE325268AC0CE0063EC44 /* AnyCodable in Frameworks */,
				1D5DE328268ADB340063EC44 /* CoreDuet.framework in Frameworks */,
				1D5DE32A268ADB340063EC44 /* CoreDuetContext.framework in Frameworks */,
			);
			runOnlyForDeploymentPostprocessing = 0;
		};
/* End PBXFrameworksBuildPhase section */

/* Begin PBXGroup section */
		1DEFB6B5268A547F00D056A6 = {
			isa = PBXGroup;
			children = (
				1D5DE32D268ADB580063EC44 /* README.md */,
				1DEFB6C0268A547F00D056A6 /* CoreDuet */,
				1DEFB6BF268A547F00D056A6 /* Products */,
				1DEFB6C8268A548B00D056A6 /* Frameworks */,
			);
			sourceTree = "<group>";
		};
		1DEFB6BF268A547F00D056A6 /* Products */ = {
			isa = PBXGroup;
			children = (
				1DEFB6BE268A547F00D056A6 /* CoreDuetTinker */,
			);
			name = Products;
			sourceTree = "<group>";
		};
		1DEFB6C0268A547F00D056A6 /* CoreDuet */ = {
			isa = PBXGroup;
			children = (
				1DEFB6C1268A547F00D056A6 /* main.swift */,
				1DEFB6D6268AB18D00D056A6 /* CoreDuet.entitlements */,
				1D5DE32E268ADBF00063EC44 /* CDContextKeyPath.swift */,
				1D5DE330268ADC100063EC44 /* _CDContextualKeyPath+CDContextKeyPathBridge.swift */,
			);
			path = CoreDuet;
			sourceTree = "<group>";
		};
		1DEFB6C8268A548B00D056A6 /* Frameworks */ = {
			isa = PBXGroup;
			children = (
				1D5DE326268ADB340063EC44 /* CoreDuet.framework */,
				1D5DE327268ADB340063EC44 /* CoreDuetContext.framework */,
			);
			name = Frameworks;
			sourceTree = "<group>";
		};
/* End PBXGroup section */

/* Begin PBXNativeTarget section */
		1DEFB6BD268A547F00D056A6 /* CoreDuetTinker */ = {
			isa = PBXNativeTarget;
			buildConfigurationList = 1DEFB6C5268A547F00D056A6 /* Build configuration list for PBXNativeTarget "CoreDuetTinker" */;
			buildPhases = (
				1DEFB6BA268A547F00D056A6 /* Sources */,
				1DEFB6BB268A547F00D056A6 /* Frameworks */,
				1DEFB6BC268A547F00D056A6 /* CopyFiles */,
			);
			buildRules = (
			);
			dependencies = (
			);
			name = CoreDuetTinker;
			packageProductDependencies = (
				1D5DE324268AC0CE0063EC44 /* AnyCodable */,
			);
			productName = CoreDuet;
			productReference = 1DEFB6BE268A547F00D056A6 /* CoreDuetTinker */;
			productType = "com.apple.product-type.tool";
		};
/* End PBXNativeTarget section */

/* Begin PBXProject section */
		1DEFB6B6268A547F00D056A6 /* Project object */ = {
			isa = PBXProject;
			attributes = {
				LastSwiftUpdateCheck = 1250;
				LastUpgradeCheck = 1250;
				TargetAttributes = {
					1DEFB6BD268A547F00D056A6 = {
						CreatedOnToolsVersion = 12.5;
					};
				};
			};
			buildConfigurationList = 1DEFB6B9268A547F00D056A6 /* Build configuration list for PBXProject "CoreDuet" */;
			compatibilityVersion = "Xcode 9.3";
			developmentRegion = en;
			hasScannedForEncodings = 0;
			knownRegions = (
				en,
				Base,
			);
			mainGroup = 1DEFB6B5268A547F00D056A6;
			packageReferences = (
				1D5DE323268AC0CE0063EC44 /* XCRemoteSwiftPackageReference "AnyCodable" */,
			);
			productRefGroup = 1DEFB6BF268A547F00D056A6 /* Products */;
			projectDirPath = "";
			projectRoot = "";
			targets = (
				1DEFB6BD268A547F00D056A6 /* CoreDuetTinker */,
			);
		};
/* End PBXProject section */

/* Begin PBXSourcesBuildPhase section */
		1DEFB6BA268A547F00D056A6 /* Sources */ = {
			isa = PBXSourcesBuildPhase;
			buildActionMask = 2147483647;
			files = (
				1DEFB6C2268A547F00D056A6 /* main.swift in Sources */,
				1D5DE32F268ADBF00063EC44 /* CDContextKeyPath.swift in Sources */,
				1D5DE331268ADC100063EC44 /* _CDContextualKeyPath+CDContextKeyPathBridge.swift in Sources */,
			);
			runOnlyForDeploymentPostprocessing = 0;
		};
/* End PBXSourcesBuildPhase section */

/* Begin XCBuildConfiguration section */
		1DEFB6C3268A547F00D056A6 /* Debug */ = {
			isa = XCBuildConfiguration;
			buildSettings = {
				ALWAYS_SEARCH_USER_PATHS = NO;
				CLANG_ANALYZER_NONNULL = YES;
				CLANG_ANALYZER_NUMBER_OBJECT_CONVERSION = YES_AGGRESSIVE;
				CLANG_CXX_LANGUAGE_STANDARD = "gnu++14";
				CLANG_CXX_LIBRARY = "libc++";
				CLANG_ENABLE_MODULES = YES;
				CLANG_ENABLE_OBJC_ARC = YES;
				CLANG_ENABLE_OBJC_WEAK = YES;
				CLANG_WARN_BLOCK_CAPTURE_AUTORELEASING = YES;
				CLANG_WARN_BOOL_CONVERSION = YES;
				CLANG_WARN_COMMA = YES;
				CLANG_WARN_CONSTANT_CONVERSION = YES;
				CLANG_WARN_DEPRECATED_OBJC_IMPLEMENTATIONS = YES;
				CLANG_WARN_DIRECT_OBJC_ISA_USAGE = YES_ERROR;
				CLANG_WARN_DOCUMENTATION_COMMENTS = YES;
				CLANG_WARN_EMPTY_BODY = YES;
				CLANG_WARN_ENUM_CONVERSION = YES;
				CLANG_WARN_INFINITE_RECURSION = YES;
				CLANG_WARN_INT_CONVERSION = YES;
				CLANG_WARN_NON_LITERAL_NULL_CONVERSION = YES;
				CLANG_WARN_OBJC_IMPLICIT_RETAIN_SELF = YES;
				CLANG_WARN_OBJC_LITERAL_CONVERSION = YES;
				CLANG_WARN_OBJC_ROOT_CLASS = YES_ERROR;
				CLANG_WARN_QUOTED_INCLUDE_IN_FRAMEWORK_HEADER = YES;
				CLANG_WARN_RANGE_LOOP_ANALYSIS = YES;
				CLANG_WARN_STRICT_PROTOTYPES = YES;
				CLANG_WARN_SUSPICIOUS_MOVE = YES;
				CLANG_WARN_UNGUARDED_AVAILABILITY = YES_AGGRESSIVE;
				CLANG_WARN_UNREACHABLE_CODE = YES;
				CLANG_WARN__DUPLICATE_METHOD_MATCH = YES;
				COPY_PHASE_STRIP = NO;
				DEBUG_INFORMATION_FORMAT = dwarf;
				ENABLE_STRICT_OBJC_MSGSEND = YES;
				ENABLE_TESTABILITY = YES;
				GCC_C_LANGUAGE_STANDARD = gnu11;
				GCC_DYNAMIC_NO_PIC = NO;
				GCC_NO_COMMON_BLOCKS = YES;
				GCC_OPTIMIZATION_LEVEL = 0;
				GCC_PREPROCESSOR_DEFINITIONS = (
					"DEBUG=1",
					"$(inherited)",
				);
				GCC_WARN_64_TO_32_BIT_CONVERSION = YES;
				GCC_WARN_ABOUT_RETURN_TYPE = YES_ERROR;
				GCC_WARN_UNDECLARED_SELECTOR = YES;
				GCC_WARN_UNINITIALIZED_AUTOS = YES_AGGRESSIVE;
				GCC_WARN_UNUSED_FUNCTION = YES;
				GCC_WARN_UNUSED_VARIABLE = YES;
				MACOSX_DEPLOYMENT_TARGET = 11.3;
				MTL_ENABLE_DEBUG_INFO = INCLUDE_SOURCE;
				MTL_FAST_MATH = YES;
				ONLY_ACTIVE_ARCH = YES;
				SDKROOT = macosx;
				SWIFT_ACTIVE_COMPILATION_CONDITIONS = DEBUG;
				SWIFT_OPTIMIZATION_LEVEL = "-Onone";
			};
			name = Debug;
		};
		1DEFB6C4268A547F00D056A6 /* Release */ = {
			isa = XCBuildConfiguration;
			buildSettings = {
				ALWAYS_SEARCH_USER_PATHS = NO;
				CLANG_ANALYZER_NONNULL = YES;
				CLANG_ANALYZER_NUMBER_OBJECT_CONVERSION = YES_AGGRESSIVE;
				CLANG_CXX_LANGUAGE_STANDARD = "gnu++14";
				CLANG_CXX_LIBRARY = "libc++";
				CLANG_ENABLE_MODULES = YES;
				CLANG_ENABLE_OBJC_ARC = YES;
				CLANG_ENABLE_OBJC_WEAK = YES;
				CLANG_WARN_BLOCK_CAPTURE_AUTORELEASING = YES;
				CLANG_WARN_BOOL_CONVERSION = YES;
				CLANG_WARN_COMMA = YES;
				CLANG_WARN_CONSTANT_CONVERSION = YES;
				CLANG_WARN_DEPRECATED_OBJC_IMPLEMENTATIONS = YES;
				CLANG_WARN_DIRECT_OBJC_ISA_USAGE = YES_ERROR;
				CLANG_WARN_DOCUMENTATION_COMMENTS = YES;
				CLANG_WARN_EMPTY_BODY = YES;
				CLANG_WARN_ENUM_CONVERSION = YES;
				CLANG_WARN_INFINITE_RECURSION = YES;
				CLANG_WARN_INT_CONVERSION = YES;
				CLANG_WARN_NON_LITERAL_NULL_CONVERSION = YES;
				CLANG_WARN_OBJC_IMPLICIT_RETAIN_SELF = YES;
				CLANG_WARN_OBJC_LITERAL_CONVERSION = YES;
				CLANG_WARN_OBJC_ROOT_CLASS = YES_ERROR;
				CLANG_WARN_QUOTED_INCLUDE_IN_FRAMEWORK_HEADER = YES;
				CLANG_WARN_RANGE_LOOP_ANALYSIS = YES;
				CLANG_WARN_STRICT_PROTOTYPES = YES;
				CLANG_WARN_SUSPICIOUS_MOVE = YES;
				CLANG_WARN_UNGUARDED_AVAILABILITY = YES_AGGRESSIVE;
				CLANG_WARN_UNREACHABLE_CODE = YES;
				CLANG_WARN__DUPLICATE_METHOD_MATCH = YES;
				COPY_PHASE_STRIP = NO;
				DEBUG_INFORMATION_FORMAT = "dwarf-with-dsym";
				ENABLE_NS_ASSERTIONS = NO;
				ENABLE_STRICT_OBJC_MSGSEND = YES;
				GCC_C_LANGUAGE_STANDARD = gnu11;
				GCC_NO_COMMON_BLOCKS = YES;
				GCC_WARN_64_TO_32_BIT_CONVERSION = YES;
				GCC_WARN_ABOUT_RETURN_TYPE = YES_ERROR;
				GCC_WARN_UNDECLARED_SELECTOR = YES;
				GCC_WARN_UNINITIALIZED_AUTOS = YES_AGGRESSIVE;
				GCC_WARN_UNUSED_FUNCTION = YES;
				GCC_WARN_UNUSED_VARIABLE = YES;
				MACOSX_DEPLOYMENT_TARGET = 11.3;
				MTL_ENABLE_DEBUG_INFO = NO;
				MTL_FAST_MATH = YES;
				SDKROOT = macosx;
				SWIFT_COMPILATION_MODE = wholemodule;
				SWIFT_OPTIMIZATION_LEVEL = "-O";
			};
			name = Release;
		};
		1DEFB6C6268A547F00D056A6 /* Debug */ = {
			isa = XCBuildConfiguration;
			buildSettings = {
				CODE_SIGN_ENTITLEMENTS = CoreDuet/CoreDuet.entitlements;
				CODE_SIGN_STYLE = Automatic;
				DEVELOPMENT_TEAM = 6UW2D7F2RU;
				ENABLE_HARDENED_RUNTIME = YES;
				FRAMEWORK_SEARCH_PATHS = "$(PROJECT_DIR)/Frameworks";
				PRODUCT_NAME = "$(TARGET_NAME)";
				SWIFT_VERSION = 5.0;
			};
			name = Debug;
		};
		1DEFB6C7268A547F00D056A6 /* Release */ = {
			isa = XCBuildConfiguration;
			buildSettings = {
				CODE_SIGN_ENTITLEMENTS = CoreDuet/CoreDuet.entitlements;
				CODE_SIGN_STYLE = Automatic;
				DEVELOPMENT_TEAM = 6UW2D7F2RU;
				ENABLE_HARDENED_RUNTIME = YES;
				FRAMEWORK_SEARCH_PATHS = "$(PROJECT_DIR)/Frameworks";
				PRODUCT_NAME = "$(TARGET_NAME)";
				SWIFT_VERSION = 5.0;
			};
			name = Release;
		};
/* End XCBuildConfiguration section */

/* Begin XCConfigurationList section */
		1DEFB6B9268A547F00D056A6 /* Build configuration list for PBXProject "CoreDuet" */ = {
			isa = XCConfigurationList;
			buildConfigurations = (
				1DEFB6C3268A547F00D056A6 /* Debug */,
				1DEFB6C4268A547F00D056A6 /* Release */,
			);
			defaultConfigurationIsVisible = 0;
			defaultConfigurationName = Release;
		};
		1DEFB6C5268A547F00D056A6 /* Build configuration list for PBXNativeTarget "CoreDuetTinker" */ = {
			isa = XCConfigurationList;
			buildConfigurations = (
				1DEFB6C6268A547F00D056A6 /* Debug */,
				1DEFB6C7268A547F00D056A6 /* Release */,
			);
			defaultConfigurationIsVisible = 0;
			defaultConfigurationName = Release;
		};
/* End XCConfigurationList section */

/* Begin XCRemoteSwiftPackageReference section */
		1D5DE323268AC0CE0063EC44 /* XCRemoteSwiftPackageReference "AnyCodable" */ = {
			isa = XCRemoteSwiftPackageReference;
			repositoryURL = "https://github.com/Flight-School/AnyCodable";
			requirement = {
				kind = upToNextMajorVersion;
				minimumVersion = 0.6.1;
			};
		};
/* End XCRemoteSwiftPackageReference section */

/* Begin XCSwiftPackageProductDependency section */
		1D5DE324268AC0CE0063EC44 /* AnyCodable */ = {
			isa = XCSwiftPackageProductDependency;
			package = 1D5DE323268AC0CE0063EC44 /* XCRemoteSwiftPackageReference "AnyCodable" */;
			productName = AnyCodable;
		};
/* End XCSwiftPackageProductDependency section */
	};
	rootObject = 1DEFB6B6268A547F00D056A6 /* Project object */;
}
